
Microsoft Visual Studio Solution File, Format Version 12.00
# Visual Studio 15
VisualStudioVersion = 15.0.28010.2041
MinimumVisualStudioVersion = 10.0.40219.1
Project("{9A19103F-16F7-4668-BE54-9A1E7A4F7556}") = "AzureDigitalTwins", "AzureDigitalTwins\AzureDigitalTwins.csproj", "{B162412D-9F83-4DE1-B289-8630F239D96B}"
EndProject
Project("{9A19103F-16F7-4668-BE54-9A1E7A4F7556}") = "FunctionApp", "FunctionApp\FunctionApp.csproj", "{1CCA8C48-03D8-41DF-B20E-B583927E66B7}"
EndProject
Project("{E24C65DC-7377-472B-9ABA-BC803B73C61A}") = "WebSite", "WebSite\", "{AF2C3245-8930-47CD-8BD8-B66B4521C490}"
	ProjectSection(WebsiteProperties) = preProject
		TargetFrameworkMoniker = ".NETFramework,Version%3Dv4.0"
		Debug.AspNetCompiler.VirtualPath = "/localhost_57768"
		Debug.AspNetCompiler.PhysicalPath = "WebSite\"
		Debug.AspNetCompiler.TargetPath = "PrecompiledWeb\localhost_57768\"
		Debug.AspNetCompiler.Updateable = "true"
		Debug.AspNetCompiler.ForceOverwrite = "true"
		Debug.AspNetCompiler.FixedNames = "false"
		Debug.AspNetCompiler.Debug = "True"
		Release.AspNetCompiler.VirtualPath = "/localhost_57768"
		Release.AspNetCompiler.PhysicalPath = "WebSite\"
		Release.AspNetCompiler.TargetPath = "PrecompiledWeb\localhost_57768\"
		Release.AspNetCompiler.Updateable = "true"
		Release.AspNetCompiler.ForceOverwrite = "true"
		Release.AspNetCompiler.FixedNames = "false"
		Release.AspNetCompiler.Debug = "False"
		VWDPort = "57768"
		SlnRelativePath = "WebSite\"
	EndProjectSection
EndProject
Global
	GlobalSection(SolutionConfigurationPlatforms) = preSolution
		Debug|Any CPU = Debug|Any CPU
		Release|Any CPU = Release|Any CPU
	EndGlobalSection
	GlobalSection(ProjectConfigurationPlatforms) = postSolution
		{B162412D-9F83-4DE1-B289-8630F239D96B}.Debug|Any CPU.ActiveCfg = Debug|Any CPU
		{B162412D-9F83-4DE1-B289-8630F239D96B}.Debug|Any CPU.Build.0 = Debug|Any CPU
		{B162412D-9F83-4DE1-B289-8630F239D96B}.Release|Any CPU.ActiveCfg = Release|Any CPU
		{B162412D-9F83-4DE1-B289-8630F239D96B}.Release|Any CPU.Build.0 = Release|Any CPU
		{1CCA8C48-03D8-41DF-B20E-B583927E66B7}.Debug|Any CPU.ActiveCfg = Debug|Any CPU
		{1CCA8C48-03D8-41DF-B20E-B583927E66B7}.Debug|Any CPU.Build.0 = Debug|Any CPU
		{1CCA8C48-03D8-41DF-B20E-B583927E66B7}.Release|Any CPU.ActiveCfg = Release|Any CPU
		{1CCA8C48-03D8-41DF-B20E-B583927E66B7}.Release|Any CPU.Build.0 = Release|Any CPU
		{AF2C3245-8930-47CD-8BD8-B66B4521C490}.Debug|Any CPU.ActiveCfg = Debug|Any CPU
		{AF2C3245-8930-47CD-8BD8-B66B4521C490}.Debug|Any CPU.Build.0 = Debug|Any CPU
		{AF2C3245-8930-47CD-8BD8-B66B4521C490}.Release|Any CPU.ActiveCfg = Debug|Any CPU
		{AF2C3245-8930-47CD-8BD8-B66B4521C490}.Release|Any CPU.Build.0 = Debug|Any CPU
	EndGlobalSection
	GlobalSection(SolutionProperties) = preSolution
		HideSolutionNode = FALSE
	EndGlobalSection
	GlobalSection(ExtensibilityGlobals) = postSolution
		SolutionGuid = {6B1EAFA2-1D99-41E1-88BC-159FED1BE895}
	EndGlobalSection
EndGlobal
